
Microsoft Visual Studio Solution File, Format Version 12.00
Project("{FAE04EC0-301F-11D3-BF4B-00C04F79EFBC}") = "TotvsConsincoMock", "TotvsConsincoMock\TotvsConsincoMock.csproj", "{3AF8C415-2701-4C7F-95FF-B6E305FC1787}"
EndProject
Global
	GlobalSection(SolutionConfigurationPlatforms) = preSolution
		Debug|Any CPU = Debug|Any CPU
		Release|Any CPU = Release|Any CPU
	EndGlobalSection
	GlobalSection(ProjectConfigurationPlatforms) = postSolution
		{3AF8C415-2701-4C7F-95FF-B6E305FC1787}.Debug|Any CPU.ActiveCfg = Debug|Any CPU
		{3AF8C415-2701-4C7F-95FF-B6E305FC1787}.Debug|Any CPU.Build.0 = Debug|Any CPU
		{3AF8C415-2701-4C7F-95FF-B6E305FC1787}.Release|Any CPU.ActiveCfg = Release|Any CPU
		{3AF8C415-2701-4C7F-95FF-B6E305FC1787}.Release|Any CPU.Build.0 = Release|Any CPU
	EndGlobalSection
EndGlobal
